
Microsoft Visual Studio Solution File, Format Version 12.00
# Visual Studio Version 16
VisualStudioVersion = 16.0.29519.181
MinimumVisualStudioVersion = 10.0.40219.1
Project("{FAE04EC0-301F-11D3-BF4B-00C04F79EFBC}") = "OperacionesMatrices", "OperacionesMatrices\OperacionesMatrices.csproj", "{63626A98-FD49-4973-97AB-0B88CB2E8207}"
EndProject
Global
	GlobalSection(SolutionConfigurationPlatforms) = preSolution
		Debug|Any CPU = Debug|Any CPU
		Release|Any CPU = Release|Any CPU
	EndGlobalSection
	GlobalSection(ProjectConfigurationPlatforms) = postSolution
		{63626A98-FD49-4973-97AB-0B88CB2E8207}.Debug|Any CPU.ActiveCfg = Debug|Any CPU
		{63626A98-FD49-4973-97AB-0B88CB2E8207}.Debug|Any CPU.Build.0 = Debug|Any CPU
		{63626A98-FD49-4973-97AB-0B88CB2E8207}.Release|Any CPU.ActiveCfg = Release|Any CPU
		{63626A98-FD49-4973-97AB-0B88CB2E8207}.Release|Any CPU.Build.0 = Release|Any CPU
	EndGlobalSection
	GlobalSection(SolutionProperties) = preSolution
		HideSolutionNode = FALSE
	EndGlobalSection
	GlobalSection(ExtensibilityGlobals) = postSolution
		SolutionGuid = {D48A0CBA-4865-4398-BDF8-B708B997614A}
	EndGlobalSection
EndGlobal
